
Microsoft Visual Studio Solution File, Format Version 12.00
# Visual Studio Version 17
VisualStudioVersion = 17.13.35931.197 d17.13
MinimumVisualStudioVersion = 10.0.40219.1
Project("{FAE04EC0-301F-11D3-BF4B-00C04F79EFBC}") = "MerchantBackend", "MerchantBackend.csproj", "{17F7302F-1589-4EE8-A992-924995FCA1C8}"
EndProject
Global
	GlobalSection(SolutionConfigurationPlatforms) = preSolution
		Debug|Any CPU = Debug|Any CPU
		Release|Any CPU = Release|Any CPU
	EndGlobalSection
	GlobalSection(ProjectConfigurationPlatforms) = postSolution
		{17F7302F-1589-4EE8-A992-924995FCA1C8}.Debug|Any CPU.ActiveCfg = Debug|Any CPU
		{17F7302F-1589-4EE8-A992-924995FCA1C8}.Debug|Any CPU.Build.0 = Debug|Any CPU
		{17F7302F-1589-4EE8-A992-924995FCA1C8}.Release|Any CPU.ActiveCfg = Release|Any CPU
		{17F7302F-1589-4EE8-A992-924995FCA1C8}.Release|Any CPU.Build.0 = Release|Any CPU
	EndGlobalSection
	GlobalSection(SolutionProperties) = preSolution
		HideSolutionNode = FALSE
	EndGlobalSection
	GlobalSection(ExtensibilityGlobals) = postSolution
		SolutionGuid = {608EA162-3651-4C09-B748-F891F7B61713}
	EndGlobalSection
EndGlobal
